# THIS IS AN AUTOGENERATED FILE. DO NOT EDIT THIS FILE DIRECTLY.
# yarn lockfile v1


kleur@^2.0.1:
  version "2.0.2"
  resolved "http://registry.npm.taobao.org/kleur/download/kleur-2.0.2.tgz#b704f4944d95e255d038f0cb05fb8a602c55a300"
  integrity sha1-twT0lE2V4lXQOPDLBfuKYCxVowA=

lodash@^4.17.10:
  version "4.17.10"
  resolved "http://registry.npm.taobao.org/lodash/download/lodash-4.17.10.tgz#1b7793cf7259ea38fb3661d4d38b3260af8ae4e7"
  integrity sha1-G3eTz3JZ6jj7NmHU04syYK+K5Oc=

prompts@^1.1.1:
  version "1.1.1"
  resolved "http://registry.npm.taobao.org/prompts/download/prompts-1.1.1.tgz#c687590e472c08cd84cfa4b8694b1cab5de45144"
  integrity sha1-xodZDkcsCM2Ez6S4aUscq13kUUQ=
  dependencies:
    kleur "^2.0.1"
    sisteransi "^1.0.0"

sisteransi@^1.0.0:
  version "1.0.0"
  resolved "http://registry.npm.taobao.org/sisteransi/download/sisteransi-1.0.0.tgz#77d9622ff909080f1c19e5f4a1df0c1b0a27b88c"
  integrity sha1-d9liL/kJCA8cGeX0od8MGwonuIw=
