# THIS IS AN AUTOGENERATED FILE. DO NOT EDIT THIS FILE DIRECTLY.
# yarn lockfile v1


lodash@^4.17.10:
  version "4.17.10"
  resolved "http://registry.npm.taobao.org/lodash/download/lodash-4.17.10.tgz#1b7793cf7259ea38fb3661d4d38b3260af8ae4e7"

mute-stream@~0.0.4:
  version "0.0.7"
  resolved "http://registry.npm.taobao.org/mute-stream/download/mute-stream-0.0.7.tgz#3075ce93bc21b8fab43e1bc4da7e8115ed1e7bab"

pify@^3.0.0:
  version "3.0.0"
  resolved "http://registry.npm.taobao.org/pify/download/pify-3.0.0.tgz#e5a4acd2c101fdf3d9a4d07f0dbc4db49dd28176"

promptly@^3.0.3:
  version "3.0.3"
  resolved "http://registry.npm.taobao.org/promptly/download/promptly-3.0.3.tgz#e178f722e73d82c60d019462044bccfdd9872f42"
  dependencies:
    pify "^3.0.0"
    read "^1.0.4"

read@^1.0.4:
  version "1.0.7"
  resolved "http://registry.npm.taobao.org/read/download/read-1.0.7.tgz#b3da19bd052431a97671d44a42634adf710b40c4"
  dependencies:
    mute-stream "~0.0.4"
