# THIS IS AN AUTOGENERATED FILE. DO NOT EDIT THIS FILE DIRECTLY.
# yarn lockfile v1


kleur@^3.0.0:
  version "3.0.1"
  resolved "https://registry.yarnpkg.com/kleur/-/kleur-3.0.1.tgz#4f5b313f5fa315432a400f19a24db78d451ede62"
  integrity sha512-P3kRv+B+Ra070ng2VKQqW4qW7gd/v3iD8sy/zOdcYRsfiD+QBokQNOps/AfP6Hr48cBhIIBFWckB9aO+IZhrWg==

lodash@^4.17.10:
  version "4.17.10"
  resolved "http://registry.npm.taobao.org/lodash/download/lodash-4.17.10.tgz#1b7793cf7259ea38fb3661d4d38b3260af8ae4e7"
  integrity sha1-G3eTz3JZ6jj7NmHU04syYK+K5Oc=

prompts@^2.0.0:
  version "2.0.0"
  resolved "https://registry.yarnpkg.com/prompts/-/prompts-2.0.0.tgz#d36c6c044ea58825c9f531949e30f9e8bd39a29e"
  integrity sha512-DG8VBhhzNKj/61pAFa02SBR+iOjU21uLTalRTBLLwHv1KcTQlgZloXQLMIWSXGaqk2Yq+Rd2GNtjPdUgYFcT0w==
  dependencies:
    kleur "^3.0.0"
    sisteransi "^1.0.0"

sisteransi@^1.0.0:
  version "1.0.0"
  resolved "http://registry.npm.taobao.org/sisteransi/download/sisteransi-1.0.0.tgz#77d9622ff909080f1c19e5f4a1df0c1b0a27b88c"
  integrity sha1-d9liL/kJCA8cGeX0od8MGwonuIw=
